
Microsoft Visual Studio Solution File, Format Version 12.00
# Visual Studio Version 17
VisualStudioVersion = 17.0.31903.59
MinimumVisualStudioVersion = 10.0.40219.1
Project("{2150E333-8FDC-42A3-9474-1A3956D46DE8}") = "Services", "Services", "{4AB07342-D20C-4AFD-9369-7857E7AEF5B3}"
EndProject
Project("{2150E333-8FDC-42A3-9474-1A3956D46DE8}") = "ResourceManagement", "ResourceManagement", "{35DD186A-339A-475E-83A0-887E0DDF889B}"
EndProject
Project("{2150E333-8FDC-42A3-9474-1A3956D46DE8}") = "src", "src", "{3618D54E-AF14-4D70-8A6C-9D94902E8EF3}"
EndProject
Project("{9A19103F-16F7-4668-BE54-9A1E7A4F7556}") = "ResourceManagement.Domain", "Services\ResourceManagement\src\ResourceManagement.Domain\ResourceManagement.Domain.csproj", "{A2D803F5-9E24-43EE-80C2-341F009169C0}"
EndProject
Project("{9A19103F-16F7-4668-BE54-9A1E7A4F7556}") = "ResourceManagement.Application", "Services\ResourceManagement\src\ResourceManagement.Application\ResourceManagement.Application.csproj", "{CF730D16-248D-4812-B6CC-906C8720FE3A}"
EndProject
Project("{9A19103F-16F7-4668-BE54-9A1E7A4F7556}") = "ResourceManagement.API", "Services\ResourceManagement\src\ResourceManagement.API\ResourceManagement.API.csproj", "{0B489451-DAFB-4436-B4BE-78A3919B88C2}"
EndProject
Project("{9A19103F-16F7-4668-BE54-9A1E7A4F7556}") = "ResourceManagement.Infrastructure", "Services\ResourceManagement\src\ResourceManagement.Infrastructure\ResourceManagement.Infrastructure.csproj", "{7B3EB737-C64C-47BD-AC7C-7BD1921B00FD}"
EndProject
Project("{2150E333-8FDC-42A3-9474-1A3956D46DE8}") = "tests", "tests", "{808E54E7-271A-40E9-B857-5765D8A47945}"
EndProject
Project("{9A19103F-16F7-4668-BE54-9A1E7A4F7556}") = "Unit-tests", "Services\ResourceManagement\tests\Unit-tests\Unit-tests.csproj", "{D42443A7-C8EE-42E8-96C2-59848BC18124}"
EndProject
Project("{9A19103F-16F7-4668-BE54-9A1E7A4F7556}") = "Integration-tests", "Services\ResourceManagement\tests\Integration-tests\Integration-tests.csproj", "{B35D0D95-71C2-435B-A2AB-EE785D65B97D}"
EndProject
Project("{2150E333-8FDC-42A3-9474-1A3956D46DE8}") = "Restaurant", "Restaurant", "{4DD253B0-EA62-4969-B314-27FF3FF4C2FB}"
EndProject
Project("{2150E333-8FDC-42A3-9474-1A3956D46DE8}") = "src", "src", "{CB6DD748-A200-4ADC-9BAB-ED5852E3A672}"
EndProject
Project("{9A19103F-16F7-4668-BE54-9A1E7A4F7556}") = "Restaurant.Domain", "Services\Restaurant\src\Restaurant.Domain\Restaurant.Domain.csproj", "{F03EAD8C-73BF-4C26-8AFB-C539059802DD}"
EndProject
Project("{9A19103F-16F7-4668-BE54-9A1E7A4F7556}") = "Restaurant.Application", "Services\Restaurant\src\Restaurant.Application\Restaurant.Application.csproj", "{83BE5561-847D-49EA-8542-D3E84D254C53}"
EndProject
Project("{9A19103F-16F7-4668-BE54-9A1E7A4F7556}") = "Restaurant.API", "Services\Restaurant\src\Restaurant.API\Restaurant.API.csproj", "{A53421C7-B8E8-4EB6-B4A5-3408277C36D0}"
EndProject
Project("{9A19103F-16F7-4668-BE54-9A1E7A4F7556}") = "Restaurant.Infrastructure", "Services\Restaurant\src\Restaurant.Infrastructure\Restaurant.Infrastructure.csproj", "{416BE52E-5331-4B78-96B5-54522820CF3A}"
EndProject
Project("{2150E333-8FDC-42A3-9474-1A3956D46DE8}") = "tests", "tests", "{0A9F81D1-D3BA-495B-8E3F-25463B0EB7DF}"
EndProject
Project("{9A19103F-16F7-4668-BE54-9A1E7A4F7556}") = "Unit-tests", "Services\Restaurant\tests\Unit-tests\Unit-tests.csproj", "{3ADDAE2E-F72D-425B-BF45-7909B8F8E895}"
EndProject
Project("{9A19103F-16F7-4668-BE54-9A1E7A4F7556}") = "Integration-tests", "Services\Restaurant\tests\Integration-tests\Integration-tests.csproj", "{F8701159-AF72-4443-BFFE-52DA2739A268}"
EndProject
Project("{2150E333-8FDC-42A3-9474-1A3956D46DE8}") = "ApiGateway", "ApiGateway", "{0BBA189B-D267-49F3-AA24-2770C66811EF}"
EndProject
Project("{9A19103F-16F7-4668-BE54-9A1E7A4F7556}") = "BurgerBackend.GW", "ApiGateway\BurgerBackend.GW\BurgerBackend.GW.csproj", "{7EFBD0DC-C45B-4FE9-8A86-04017AEDE85C}"
EndProject
Project("{9A19103F-16F7-4668-BE54-9A1E7A4F7556}") = "BurgerBackend.Aggregator", "ApiGateway\BurgerBackend.Aggregator\BurgerBackend.Aggregator.csproj", "{8EBCE320-0AE5-4216-8FBF-F4D2FC661C31}"
EndProject
Project("{2150E333-8FDC-42A3-9474-1A3956D46DE8}") = "Utilities", "Utilities", "{1D12E0F9-4C99-4A24-A395-423F5348D502}"
EndProject
Project("{9A19103F-16F7-4668-BE54-9A1E7A4F7556}") = "BurgerBackend.Common", "Utilities\BurgerBackend.Common\BurgerBackend.Common.csproj", "{8D3E2415-F77E-4B4F-A5A8-32A1ADCEDC5B}"
EndProject
Project("{E53339B2-1760-4266-BCC7-CA923CBCF16C}") = "docker-compose", "docker-compose.dcproj", "{737E6E83-29DC-4680-9167-015440645D55}"
EndProject
Project("{2150E333-8FDC-42A3-9474-1A3956D46DE8}") = "Authentication", "Authentication", "{44DFE373-B4D9-408B-8193-912033F330E8}"
EndProject
Project("{9A19103F-16F7-4668-BE54-9A1E7A4F7556}") = "Authentication", "Services\Authentication\Authentication.csproj", "{2FCFE645-018F-4E66-8E20-B637EC6F777C}"
EndProject
Global
	GlobalSection(SolutionConfigurationPlatforms) = preSolution
		Debug|Any CPU = Debug|Any CPU
		Release|Any CPU = Release|Any CPU
	EndGlobalSection
	GlobalSection(ProjectConfigurationPlatforms) = postSolution
		{A2D803F5-9E24-43EE-80C2-341F009169C0}.Debug|Any CPU.ActiveCfg = Debug|Any CPU
		{A2D803F5-9E24-43EE-80C2-341F009169C0}.Debug|Any CPU.Build.0 = Debug|Any CPU
		{A2D803F5-9E24-43EE-80C2-341F009169C0}.Release|Any CPU.ActiveCfg = Release|Any CPU
		{A2D803F5-9E24-43EE-80C2-341F009169C0}.Release|Any CPU.Build.0 = Release|Any CPU
		{CF730D16-248D-4812-B6CC-906C8720FE3A}.Debug|Any CPU.ActiveCfg = Debug|Any CPU
		{CF730D16-248D-4812-B6CC-906C8720FE3A}.Debug|Any CPU.Build.0 = Debug|Any CPU
		{CF730D16-248D-4812-B6CC-906C8720FE3A}.Release|Any CPU.ActiveCfg = Release|Any CPU
		{CF730D16-248D-4812-B6CC-906C8720FE3A}.Release|Any CPU.Build.0 = Release|Any CPU
		{0B489451-DAFB-4436-B4BE-78A3919B88C2}.Debug|Any CPU.ActiveCfg = Debug|Any CPU
		{0B489451-DAFB-4436-B4BE-78A3919B88C2}.Debug|Any CPU.Build.0 = Debug|Any CPU
		{0B489451-DAFB-4436-B4BE-78A3919B88C2}.Release|Any CPU.ActiveCfg = Release|Any CPU
		{0B489451-DAFB-4436-B4BE-78A3919B88C2}.Release|Any CPU.Build.0 = Release|Any CPU
		{7B3EB737-C64C-47BD-AC7C-7BD1921B00FD}.Debug|Any CPU.ActiveCfg = Debug|Any CPU
		{7B3EB737-C64C-47BD-AC7C-7BD1921B00FD}.Debug|Any CPU.Build.0 = Debug|Any CPU
		{7B3EB737-C64C-47BD-AC7C-7BD1921B00FD}.Release|Any CPU.ActiveCfg = Release|Any CPU
		{7B3EB737-C64C-47BD-AC7C-7BD1921B00FD}.Release|Any CPU.Build.0 = Release|Any CPU
		{D42443A7-C8EE-42E8-96C2-59848BC18124}.Debug|Any CPU.ActiveCfg = Debug|Any CPU
		{D42443A7-C8EE-42E8-96C2-59848BC18124}.Debug|Any CPU.Build.0 = Debug|Any CPU
		{D42443A7-C8EE-42E8-96C2-59848BC18124}.Release|Any CPU.ActiveCfg = Release|Any CPU
		{D42443A7-C8EE-42E8-96C2-59848BC18124}.Release|Any CPU.Build.0 = Release|Any CPU
		{B35D0D95-71C2-435B-A2AB-EE785D65B97D}.Debug|Any CPU.ActiveCfg = Debug|Any CPU
		{B35D0D95-71C2-435B-A2AB-EE785D65B97D}.Debug|Any CPU.Build.0 = Debug|Any CPU
		{B35D0D95-71C2-435B-A2AB-EE785D65B97D}.Release|Any CPU.ActiveCfg = Release|Any CPU
		{B35D0D95-71C2-435B-A2AB-EE785D65B97D}.Release|Any CPU.Build.0 = Release|Any CPU
		{F03EAD8C-73BF-4C26-8AFB-C539059802DD}.Debug|Any CPU.ActiveCfg = Debug|Any CPU
		{F03EAD8C-73BF-4C26-8AFB-C539059802DD}.Debug|Any CPU.Build.0 = Debug|Any CPU
		{F03EAD8C-73BF-4C26-8AFB-C539059802DD}.Release|Any CPU.ActiveCfg = Release|Any CPU
		{F03EAD8C-73BF-4C26-8AFB-C539059802DD}.Release|Any CPU.Build.0 = Release|Any CPU
		{83BE5561-847D-49EA-8542-D3E84D254C53}.Debug|Any CPU.ActiveCfg = Debug|Any CPU
		{83BE5561-847D-49EA-8542-D3E84D254C53}.Debug|Any CPU.Build.0 = Debug|Any CPU
		{83BE5561-847D-49EA-8542-D3E84D254C53}.Release|Any CPU.ActiveCfg = Release|Any CPU
		{83BE5561-847D-49EA-8542-D3E84D254C53}.Release|Any CPU.Build.0 = Release|Any CPU
		{A53421C7-B8E8-4EB6-B4A5-3408277C36D0}.Debug|Any CPU.ActiveCfg = Debug|Any CPU
		{A53421C7-B8E8-4EB6-B4A5-3408277C36D0}.Debug|Any CPU.Build.0 = Debug|Any CPU
		{A53421C7-B8E8-4EB6-B4A5-3408277C36D0}.Release|Any CPU.ActiveCfg = Release|Any CPU
		{A53421C7-B8E8-4EB6-B4A5-3408277C36D0}.Release|Any CPU.Build.0 = Release|Any CPU
		{416BE52E-5331-4B78-96B5-54522820CF3A}.Debug|Any CPU.ActiveCfg = Debug|Any CPU
		{416BE52E-5331-4B78-96B5-54522820CF3A}.Debug|Any CPU.Build.0 = Debug|Any CPU
		{416BE52E-5331-4B78-96B5-54522820CF3A}.Release|Any CPU.ActiveCfg = Release|Any CPU
		{416BE52E-5331-4B78-96B5-54522820CF3A}.Release|Any CPU.Build.0 = Release|Any CPU
		{3ADDAE2E-F72D-425B-BF45-7909B8F8E895}.Debug|Any CPU.ActiveCfg = Debug|Any CPU
		{3ADDAE2E-F72D-425B-BF45-7909B8F8E895}.Debug|Any CPU.Build.0 = Debug|Any CPU
		{3ADDAE2E-F72D-425B-BF45-7909B8F8E895}.Release|Any CPU.ActiveCfg = Release|Any CPU
		{3ADDAE2E-F72D-425B-BF45-7909B8F8E895}.Release|Any CPU.Build.0 = Release|Any CPU
		{F8701159-AF72-4443-BFFE-52DA2739A268}.Debug|Any CPU.ActiveCfg = Debug|Any CPU
		{F8701159-AF72-4443-BFFE-52DA2739A268}.Debug|Any CPU.Build.0 = Debug|Any CPU
		{F8701159-AF72-4443-BFFE-52DA2739A268}.Release|Any CPU.ActiveCfg = Release|Any CPU
		{F8701159-AF72-4443-BFFE-52DA2739A268}.Release|Any CPU.Build.0 = Release|Any CPU
		{7EFBD0DC-C45B-4FE9-8A86-04017AEDE85C}.Debug|Any CPU.ActiveCfg = Debug|Any CPU
		{7EFBD0DC-C45B-4FE9-8A86-04017AEDE85C}.Debug|Any CPU.Build.0 = Debug|Any CPU
		{7EFBD0DC-C45B-4FE9-8A86-04017AEDE85C}.Release|Any CPU.ActiveCfg = Release|Any CPU
		{7EFBD0DC-C45B-4FE9-8A86-04017AEDE85C}.Release|Any CPU.Build.0 = Release|Any CPU
		{8EBCE320-0AE5-4216-8FBF-F4D2FC661C31}.Debug|Any CPU.ActiveCfg = Debug|Any CPU
		{8EBCE320-0AE5-4216-8FBF-F4D2FC661C31}.Debug|Any CPU.Build.0 = Debug|Any CPU
		{8EBCE320-0AE5-4216-8FBF-F4D2FC661C31}.Release|Any CPU.ActiveCfg = Release|Any CPU
		{8EBCE320-0AE5-4216-8FBF-F4D2FC661C31}.Release|Any CPU.Build.0 = Release|Any CPU
		{8D3E2415-F77E-4B4F-A5A8-32A1ADCEDC5B}.Debug|Any CPU.ActiveCfg = Debug|Any CPU
		{8D3E2415-F77E-4B4F-A5A8-32A1ADCEDC5B}.Debug|Any CPU.Build.0 = Debug|Any CPU
		{8D3E2415-F77E-4B4F-A5A8-32A1ADCEDC5B}.Release|Any CPU.ActiveCfg = Release|Any CPU
		{8D3E2415-F77E-4B4F-A5A8-32A1ADCEDC5B}.Release|Any CPU.Build.0 = Release|Any CPU
		{737E6E83-29DC-4680-9167-015440645D55}.Debug|Any CPU.ActiveCfg = Debug|Any CPU
		{737E6E83-29DC-4680-9167-015440645D55}.Debug|Any CPU.Build.0 = Debug|Any CPU
		{737E6E83-29DC-4680-9167-015440645D55}.Release|Any CPU.ActiveCfg = Release|Any CPU
		{737E6E83-29DC-4680-9167-015440645D55}.Release|Any CPU.Build.0 = Release|Any CPU
		{2FCFE645-018F-4E66-8E20-B637EC6F777C}.Debug|Any CPU.ActiveCfg = Debug|Any CPU
		{2FCFE645-018F-4E66-8E20-B637EC6F777C}.Debug|Any CPU.Build.0 = Debug|Any CPU
		{2FCFE645-018F-4E66-8E20-B637EC6F777C}.Release|Any CPU.ActiveCfg = Release|Any CPU
		{2FCFE645-018F-4E66-8E20-B637EC6F777C}.Release|Any CPU.Build.0 = Release|Any CPU
	EndGlobalSection
	GlobalSection(SolutionProperties) = preSolution
		HideSolutionNode = FALSE
	EndGlobalSection
	GlobalSection(NestedProjects) = preSolution
		{35DD186A-339A-475E-83A0-887E0DDF889B} = {4AB07342-D20C-4AFD-9369-7857E7AEF5B3}
		{3618D54E-AF14-4D70-8A6C-9D94902E8EF3} = {35DD186A-339A-475E-83A0-887E0DDF889B}
		{A2D803F5-9E24-43EE-80C2-341F009169C0} = {3618D54E-AF14-4D70-8A6C-9D94902E8EF3}
		{CF730D16-248D-4812-B6CC-906C8720FE3A} = {3618D54E-AF14-4D70-8A6C-9D94902E8EF3}
		{0B489451-DAFB-4436-B4BE-78A3919B88C2} = {3618D54E-AF14-4D70-8A6C-9D94902E8EF3}
		{7B3EB737-C64C-47BD-AC7C-7BD1921B00FD} = {3618D54E-AF14-4D70-8A6C-9D94902E8EF3}
		{808E54E7-271A-40E9-B857-5765D8A47945} = {35DD186A-339A-475E-83A0-887E0DDF889B}
		{D42443A7-C8EE-42E8-96C2-59848BC18124} = {808E54E7-271A-40E9-B857-5765D8A47945}
		{B35D0D95-71C2-435B-A2AB-EE785D65B97D} = {808E54E7-271A-40E9-B857-5765D8A47945}
		{4DD253B0-EA62-4969-B314-27FF3FF4C2FB} = {4AB07342-D20C-4AFD-9369-7857E7AEF5B3}
		{CB6DD748-A200-4ADC-9BAB-ED5852E3A672} = {4DD253B0-EA62-4969-B314-27FF3FF4C2FB}
		{F03EAD8C-73BF-4C26-8AFB-C539059802DD} = {CB6DD748-A200-4ADC-9BAB-ED5852E3A672}
		{83BE5561-847D-49EA-8542-D3E84D254C53} = {CB6DD748-A200-4ADC-9BAB-ED5852E3A672}
		{A53421C7-B8E8-4EB6-B4A5-3408277C36D0} = {CB6DD748-A200-4ADC-9BAB-ED5852E3A672}
		{416BE52E-5331-4B78-96B5-54522820CF3A} = {CB6DD748-A200-4ADC-9BAB-ED5852E3A672}
		{0A9F81D1-D3BA-495B-8E3F-25463B0EB7DF} = {4DD253B0-EA62-4969-B314-27FF3FF4C2FB}
		{3ADDAE2E-F72D-425B-BF45-7909B8F8E895} = {0A9F81D1-D3BA-495B-8E3F-25463B0EB7DF}
		{F8701159-AF72-4443-BFFE-52DA2739A268} = {0A9F81D1-D3BA-495B-8E3F-25463B0EB7DF}
		{7EFBD0DC-C45B-4FE9-8A86-04017AEDE85C} = {0BBA189B-D267-49F3-AA24-2770C66811EF}
		{8EBCE320-0AE5-4216-8FBF-F4D2FC661C31} = {0BBA189B-D267-49F3-AA24-2770C66811EF}
		{8D3E2415-F77E-4B4F-A5A8-32A1ADCEDC5B} = {1D12E0F9-4C99-4A24-A395-423F5348D502}
		{44DFE373-B4D9-408B-8193-912033F330E8} = {4AB07342-D20C-4AFD-9369-7857E7AEF5B3}
		{2FCFE645-018F-4E66-8E20-B637EC6F777C} = {44DFE373-B4D9-408B-8193-912033F330E8}
	EndGlobalSection
	GlobalSection(ExtensibilityGlobals) = postSolution
		SolutionGuid = {93A1D208-5B0E-4EAD-A8F0-EC85B8EC22AF}
	EndGlobalSection
EndGlobal
